
Microsoft Visual Studio Solution File, Format Version 12.00
# Visual Studio 15
VisualStudioVersion = 15.0.27703.2026
MinimumVisualStudioVersion = 10.0.40219.1
Project("{8BC9CEB8-8B4A-11D0-8D11-00A0C91BC942}") = "work_9_29", "work_9_29\work_9_29.vcxproj", "{E07B10E8-3DD9-49C2-9DC8-F1ABE4B7C2F9}"
EndProject
Global
	GlobalSection(SolutionConfigurationPlatforms) = preSolution
		Debug|x64 = Debug|x64
		Debug|x86 = Debug|x86
		Release|x64 = Release|x64
		Release|x86 = Release|x86
	EndGlobalSection
	GlobalSection(ProjectConfigurationPlatforms) = postSolution
		{E07B10E8-3DD9-49C2-9DC8-F1ABE4B7C2F9}.Debug|x64.ActiveCfg = Debug|x64
		{E07B10E8-3DD9-49C2-9DC8-F1ABE4B7C2F9}.Debug|x64.Build.0 = Debug|x64
		{E07B10E8-3DD9-49C2-9DC8-F1ABE4B7C2F9}.Debug|x86.ActiveCfg = Debug|Win32
		{E07B10E8-3DD9-49C2-9DC8-F1ABE4B7C2F9}.Debug|x86.Build.0 = Debug|Win32
		{E07B10E8-3DD9-49C2-9DC8-F1ABE4B7C2F9}.Release|x64.ActiveCfg = Release|x64
		{E07B10E8-3DD9-49C2-9DC8-F1ABE4B7C2F9}.Release|x64.Build.0 = Release|x64
		{E07B10E8-3DD9-49C2-9DC8-F1ABE4B7C2F9}.Release|x86.ActiveCfg = Release|Win32
		{E07B10E8-3DD9-49C2-9DC8-F1ABE4B7C2F9}.Release|x86.Build.0 = Release|Win32
	EndGlobalSection
	GlobalSection(SolutionProperties) = preSolution
		HideSolutionNode = FALSE
	EndGlobalSection
	GlobalSection(ExtensibilityGlobals) = postSolution
		SolutionGuid = {9DC9A2CC-C9EE-42B0-9F2B-E8085781B96A}
	EndGlobalSection
EndGlobal
