
Microsoft Visual Studio Solution File, Format Version 12.00
# Visual Studio 15
VisualStudioVersion = 15.0.27703.2026
MinimumVisualStudioVersion = 10.0.40219.1
Project("{8BC9CEB8-8B4A-11D0-8D11-00A0C91BC942}") = "work_10_8", "work_10_8\work_10_8.vcxproj", "{34F16C63-7816-41BC-8CD0-9E9473C137F7}"
EndProject
Global
	GlobalSection(SolutionConfigurationPlatforms) = preSolution
		Debug|x64 = Debug|x64
		Debug|x86 = Debug|x86
		Release|x64 = Release|x64
		Release|x86 = Release|x86
	EndGlobalSection
	GlobalSection(ProjectConfigurationPlatforms) = postSolution
		{34F16C63-7816-41BC-8CD0-9E9473C137F7}.Debug|x64.ActiveCfg = Debug|x64
		{34F16C63-7816-41BC-8CD0-9E9473C137F7}.Debug|x64.Build.0 = Debug|x64
		{34F16C63-7816-41BC-8CD0-9E9473C137F7}.Debug|x86.ActiveCfg = Debug|Win32
		{34F16C63-7816-41BC-8CD0-9E9473C137F7}.Debug|x86.Build.0 = Debug|Win32
		{34F16C63-7816-41BC-8CD0-9E9473C137F7}.Release|x64.ActiveCfg = Release|x64
		{34F16C63-7816-41BC-8CD0-9E9473C137F7}.Release|x64.Build.0 = Release|x64
		{34F16C63-7816-41BC-8CD0-9E9473C137F7}.Release|x86.ActiveCfg = Release|Win32
		{34F16C63-7816-41BC-8CD0-9E9473C137F7}.Release|x86.Build.0 = Release|Win32
	EndGlobalSection
	GlobalSection(SolutionProperties) = preSolution
		HideSolutionNode = FALSE
	EndGlobalSection
	GlobalSection(ExtensibilityGlobals) = postSolution
		SolutionGuid = {2DD48629-46FC-4532-BDEF-C4E278EFE222}
	EndGlobalSection
EndGlobal
