
Microsoft Visual Studio Solution File, Format Version 12.00
# Visual Studio 15
VisualStudioVersion = 15.0.27703.2026
MinimumVisualStudioVersion = 10.0.40219.1
Project("{8BC9CEB8-8B4A-11D0-8D11-00A0C91BC942}") = "Practice_1_29", "Practice_1_29\Practice_1_29.vcxproj", "{B9D9C912-E953-4FA6-ACA3-272E8F5AB69E}"
EndProject
Global
	GlobalSection(SolutionConfigurationPlatforms) = preSolution
		Debug|x64 = Debug|x64
		Debug|x86 = Debug|x86
		Release|x64 = Release|x64
		Release|x86 = Release|x86
	EndGlobalSection
	GlobalSection(ProjectConfigurationPlatforms) = postSolution
		{B9D9C912-E953-4FA6-ACA3-272E8F5AB69E}.Debug|x64.ActiveCfg = Debug|x64
		{B9D9C912-E953-4FA6-ACA3-272E8F5AB69E}.Debug|x64.Build.0 = Debug|x64
		{B9D9C912-E953-4FA6-ACA3-272E8F5AB69E}.Debug|x86.ActiveCfg = Debug|Win32
		{B9D9C912-E953-4FA6-ACA3-272E8F5AB69E}.Debug|x86.Build.0 = Debug|Win32
		{B9D9C912-E953-4FA6-ACA3-272E8F5AB69E}.Release|x64.ActiveCfg = Release|x64
		{B9D9C912-E953-4FA6-ACA3-272E8F5AB69E}.Release|x64.Build.0 = Release|x64
		{B9D9C912-E953-4FA6-ACA3-272E8F5AB69E}.Release|x86.ActiveCfg = Release|Win32
		{B9D9C912-E953-4FA6-ACA3-272E8F5AB69E}.Release|x86.Build.0 = Release|Win32
	EndGlobalSection
	GlobalSection(SolutionProperties) = preSolution
		HideSolutionNode = FALSE
	EndGlobalSection
	GlobalSection(ExtensibilityGlobals) = postSolution
		SolutionGuid = {0FB522F9-87A7-415A-9F4A-EF89E1F65F7C}
	EndGlobalSection
EndGlobal
