
Microsoft Visual Studio Solution File, Format Version 12.00
# Visual Studio 15
VisualStudioVersion = 15.0.27703.2026
MinimumVisualStudioVersion = 10.0.40219.1
Project("{8BC9CEB8-8B4A-11D0-8D11-00A0C91BC942}") = "work_9_26", "work_9_26\work_9_26.vcxproj", "{F0FF084C-CD31-49F7-B3AF-59A1042B6FA8}"
EndProject
Global
	GlobalSection(SolutionConfigurationPlatforms) = preSolution
		Debug|x64 = Debug|x64
		Debug|x86 = Debug|x86
		Release|x64 = Release|x64
		Release|x86 = Release|x86
	EndGlobalSection
	GlobalSection(ProjectConfigurationPlatforms) = postSolution
		{F0FF084C-CD31-49F7-B3AF-59A1042B6FA8}.Debug|x64.ActiveCfg = Debug|x64
		{F0FF084C-CD31-49F7-B3AF-59A1042B6FA8}.Debug|x64.Build.0 = Debug|x64
		{F0FF084C-CD31-49F7-B3AF-59A1042B6FA8}.Debug|x86.ActiveCfg = Debug|Win32
		{F0FF084C-CD31-49F7-B3AF-59A1042B6FA8}.Debug|x86.Build.0 = Debug|Win32
		{F0FF084C-CD31-49F7-B3AF-59A1042B6FA8}.Release|x64.ActiveCfg = Release|x64
		{F0FF084C-CD31-49F7-B3AF-59A1042B6FA8}.Release|x64.Build.0 = Release|x64
		{F0FF084C-CD31-49F7-B3AF-59A1042B6FA8}.Release|x86.ActiveCfg = Release|Win32
		{F0FF084C-CD31-49F7-B3AF-59A1042B6FA8}.Release|x86.Build.0 = Release|Win32
	EndGlobalSection
	GlobalSection(SolutionProperties) = preSolution
		HideSolutionNode = FALSE
	EndGlobalSection
	GlobalSection(ExtensibilityGlobals) = postSolution
		SolutionGuid = {83AA92D6-19FC-4FDF-840A-AE5562546E85}
	EndGlobalSection
EndGlobal
